
Microsoft Visual Studio Solution File, Format Version 12.00
# Visual Studio Version 17
VisualStudioVersion = 17.0.32014.148
MinimumVisualStudioVersion = 10.0.40219.1
Project("{FAE04EC0-301F-11D3-BF4B-00C04F79EFBC}") = "OnlineDataMonitor", "OnlineDataMonitor\OnlineDataMonitor.csproj", "{8AE9AF14-46AA-4AF5-A451-2FAC7F8BE9AE}"
EndProject
Global
	GlobalSection(SolutionConfigurationPlatforms) = preSolution
		Debug|Any CPU = Debug|Any CPU
		Release|Any CPU = Release|Any CPU
	EndGlobalSection
	GlobalSection(ProjectConfigurationPlatforms) = postSolution
		{8AE9AF14-46AA-4AF5-A451-2FAC7F8BE9AE}.Debug|Any CPU.ActiveCfg = Debug|Any CPU
		{8AE9AF14-46AA-4AF5-A451-2FAC7F8BE9AE}.Debug|Any CPU.Build.0 = Debug|Any CPU
		{8AE9AF14-46AA-4AF5-A451-2FAC7F8BE9AE}.Release|Any CPU.ActiveCfg = Release|Any CPU
		{8AE9AF14-46AA-4AF5-A451-2FAC7F8BE9AE}.Release|Any CPU.Build.0 = Release|Any CPU
	EndGlobalSection
	GlobalSection(SolutionProperties) = preSolution
		HideSolutionNode = FALSE
	EndGlobalSection
	GlobalSection(ExtensibilityGlobals) = postSolution
		SolutionGuid = {9283AEF0-46BD-4715-9590-9856E41B88E1}
	EndGlobalSection
EndGlobal
